{
  "name": "server",
  "version": "1.0.0",
  "lockfileVersion": 1,
  "requires": true,
  "dependencies": {
    "@types/node": {
      "version": "8.0.26",
      "resolved": "http://registry.npm.taobao.org/@types/node/download/@types/node-8.0.26.tgz",
      "integrity": "sha1-TVi+klMG/SKxFBCFU1oCaLi+sYk="
    }
  }
}
